{
  "nodes": {
    "fenix": {
      "inputs": {
        "nixpkgs": [
          "ue4ss-cross",
          "nixpkgs"
        ],
        "rust-analyzer-src": "rust-analyzer-src"
      },
      "locked": {
        "lastModified": 1767077117,
        "narHash": "sha256-tmVJMQC4aNUCME3ofKP2wWEBizabxwFZfLpZSi0S/4Q=",
        "owner": "nix-community",
        "repo": "fenix",
        "rev": "f69c299a340f95776ddcfecfc0b1f6183c0c298e",
        "type": "github"
      },
      "original": {
        "owner": "nix-community",
        "repo": "fenix",
        "type": "github"
      }
    },
    "flake-parts": {
      "inputs": {
        "nixpkgs-lib": "nixpkgs-lib"
      },
      "locked": {
        "lastModified": 1765835352,
        "narHash": "sha256-XswHlK/Qtjasvhd1nOa1e8MgZ8GS//jBoTqWtrS1Giw=",
        "owner": "hercules-ci",
        "repo": "flake-parts",
        "rev": "a34fae9c08a15ad73f295041fec82323541400a9",
        "type": "github"
      },
      "original": {
        "owner": "hercules-ci",
        "repo": "flake-parts",
        "type": "github"
      }
    },
    "flake-utils": {
      "inputs": {
        "systems": "systems"
      },
      "locked": {
        "lastModified": 1731533236,
        "narHash": "sha256-l0KFg5HjrsfsO/JpG+r7fRrqm12kzFHyUHqHCVpMMbI=",
        "owner": "numtide",
        "repo": "flake-utils",
        "rev": "11707dc2f618dd54ca8739b309ec4fc024de578b",
        "type": "github"
      },
      "original": {
        "owner": "numtide",
        "repo": "flake-utils",
        "type": "github"
      }
    },
    "nixpkgs": {
      "locked": {
        "lastModified": 1766902085,
        "narHash": "sha256-coBu0ONtFzlwwVBzmjacUQwj3G+lybcZ1oeNSQkgC0M=",
        "owner": "NixOS",
        "repo": "nixpkgs",
        "rev": "c0b0e0fddf73fd517c3471e546c0df87a42d53f4",
        "type": "github"
      },
      "original": {
        "owner": "NixOS",
        "ref": "nixos-unstable",
        "repo": "nixpkgs",
        "type": "github"
      }
    },
    "nixpkgs-lib": {
      "locked": {
        "lastModified": 1765674936,
        "narHash": "sha256-k00uTP4JNfmejrCLJOwdObYC9jHRrr/5M/a/8L2EIdo=",
        "owner": "nix-community",
        "repo": "nixpkgs.lib",
        "rev": "2075416fcb47225d9b68ac469a5c4801a9c4dd85",
        "type": "github"
      },
      "original": {
        "owner": "nix-community",
        "repo": "nixpkgs.lib",
        "type": "github"
      }
    },
    "nixpkgs_2": {
      "locked": {
        "lastModified": 1766902085,
        "narHash": "sha256-coBu0ONtFzlwwVBzmjacUQwj3G+lybcZ1oeNSQkgC0M=",
        "owner": "NixOS",
        "repo": "nixpkgs",
        "rev": "c0b0e0fddf73fd517c3471e546c0df87a42d53f4",
        "type": "github"
      },
      "original": {
        "owner": "NixOS",
        "ref": "nixos-unstable",
        "repo": "nixpkgs",
        "type": "github"
      }
    },
    "root": {
      "inputs": {
        "flake-parts": "flake-parts",
        "nixpkgs": "nixpkgs",
        "ue4ss": "ue4ss",
        "ue4ss-cross": "ue4ss-cross"
      }
    },
    "rust-analyzer-src": {
      "flake": false,
      "locked": {
        "lastModified": 1767028829,
        "narHash": "sha256-RZ5+NUYTkAZ0rtbR3xBxs3VX0yi0IgYfjL06NBbXipk=",
        "owner": "rust-lang",
        "repo": "rust-analyzer",
        "rev": "d7117056a36c0f42a4deea1ac4a8e297db11cbb8",
        "type": "github"
      },
      "original": {
        "owner": "rust-lang",
        "ref": "nightly",
        "repo": "rust-analyzer",
        "type": "github"
      }
    },
    "systems": {
      "locked": {
        "lastModified": 1681028828,
        "narHash": "sha256-Vy1rq5AaRuLzOxct8nz4T6wlgyUR7zLU309k9mBC768=",
        "owner": "nix-systems",
        "repo": "default",
        "rev": "da67096a3b9bf56a91d16901293e51ba5b49a27e",
        "type": "github"
      },
      "original": {
        "owner": "nix-systems",
        "repo": "default",
        "type": "github"
      }
    },
    "ue4ss": {
      "flake": false,
      "locked": {
        "lastModified": 1767177190,
        "narHash": "sha256-BMYZ0+RSve6yyAGeaBpGu7rKwQ9BLizZN3wq26jjkUE=",
        "ref": "feat/reinstall-mods",
        "rev": "20c7f2b6023476b6167125e1689725ca4194e3b1",
        "revCount": 1832,
        "submodules": true,
        "type": "git",
        "url": "https://github.com/ASEAN-Motor-Club/RE-UE4SS.git"
      },
      "original": {
        "ref": "feat/reinstall-mods",
        "rev": "20c7f2b6023476b6167125e1689725ca4194e3b1",
        "submodules": true,
        "type": "git",
        "url": "https://github.com/ASEAN-Motor-Club/RE-UE4SS.git"
      }
    },
    "ue4ss-cross": {
      "inputs": {
        "fenix": "fenix",
        "flake-utils": "flake-utils",
        "nixpkgs": "nixpkgs_2",
        "ue4ss": [
          "ue4ss"
        ]
      },
      "locked": {
        "lastModified": 1767174005,
        "narHash": "sha256-gOniEz381s5fuKPLoIMAd8Zg7DJj7kGFxJoQZWWETKQ=",
        "owner": "ASEAN-Motor-Club",
        "repo": "UE4SSCPPTemplate",
        "rev": "42594d8f34b223336f1706ff62e6663b2a08a4fd",
        "type": "github"
      },
      "original": {
        "owner": "ASEAN-Motor-Club",
        "repo": "UE4SSCPPTemplate",
        "type": "github"
      }
    }
  },
  "root": "root",
  "version": 7
}
